
Microsoft Visual Studio Solution File, Format Version 12.00
# Visual Studio 15
VisualStudioVersion = 15.0.28307.852
MinimumVisualStudioVersion = 10.0.40219.1
Project("{FAE04EC0-301F-11D3-BF4B-00C04F79EFBC}") = "Design Pattern TD4-3", "Design Pattern TD4-3\Design Pattern TD4-3.csproj", "{F12F8CBA-1329-4268-AD41-67B20EB91214}"
EndProject
Global
	GlobalSection(SolutionConfigurationPlatforms) = preSolution
		Debug|Any CPU = Debug|Any CPU
		Release|Any CPU = Release|Any CPU
	EndGlobalSection
	GlobalSection(ProjectConfigurationPlatforms) = postSolution
		{F12F8CBA-1329-4268-AD41-67B20EB91214}.Debug|Any CPU.ActiveCfg = Debug|Any CPU
		{F12F8CBA-1329-4268-AD41-67B20EB91214}.Debug|Any CPU.Build.0 = Debug|Any CPU
		{F12F8CBA-1329-4268-AD41-67B20EB91214}.Release|Any CPU.ActiveCfg = Release|Any CPU
		{F12F8CBA-1329-4268-AD41-67B20EB91214}.Release|Any CPU.Build.0 = Release|Any CPU
	EndGlobalSection
	GlobalSection(SolutionProperties) = preSolution
		HideSolutionNode = FALSE
	EndGlobalSection
	GlobalSection(ExtensibilityGlobals) = postSolution
		SolutionGuid = {C1C243AF-A689-49A6-AC14-D3C842FCA80A}
	EndGlobalSection
EndGlobal
